<Solution>
  <Folder Name="/Mappy/">
    <Project Path="Mappy/Mappy.Api/Mappy.Api.csproj" />
    <Project Path="Mappy/Mappy.Application/Mappy.Application.csproj" />
    <Project Path="Mappy/Mappy.Domain/Mappy.Domain.csproj" />
    <Project Path="Mappy/Mappy.Infrastructure/Mappy.Infrastructure.csproj" />
  </Folder>
  <Project Path="DestinationSearch.API/DestinationSearch.API.csproj" />
  <Project Path="SharedKernel/SharedKernel.csproj" />
</Solution>
